{
  "name": "@oo/files",
  "version": "0.0.0",
  "lockfileVersion": 2,
  "requires": true,
  "packages": {
    "": {
      "name": "@oo/files",
      "version": "0.0.0",
      "license": "AGPL-3.0",
      "dependencies": {
        "@oo/shared": "file:../shared",
        "async": "^1.5.2",
        "charset-detector": "0.0.2",
        "debug-logger": "^0.4.1",
        "iconv": "^3",
        "mime": "^1.3.4",
        "socketio-file-upload": "^0.4.4",
        "sprintf-js": "^1.0.3"
      },
      "engines": {
        "node": "18.x",
        "npm": "8.x"
      }
    },
    "../shared": {
      "name": "@oo/shared",
      "version": "0.0.0",
      "license": "AGPL-3.0",
      "dependencies": {
        "async": "^1.5.2",
        "debug-logger": "^0.4.1",
        "deepmerge": "^2.1.1",
        "hjson": "^3.2.2",
        "jszip": "^3.7.1",
        "lynx": "^0.2.0",
        "redis": "^3.1.2",
        "redis-scripto2": "^0.2",
        "stream-json": "^1.3.1",
        "uuid": "^3.3.2"
      },
      "devDependencies": {
        "@oo/shared": "file:../shared",
        "dts-gen": "^0.6.1"
      },
      "engines": {
        "node": "18.x",
        "npm": "8.x"
      }
    },
    "node_modules/@oo/shared": {
      "resolved": "../shared",
      "link": true
    },
    "node_modules/async": {
      "version": "1.5.2",
      "resolved": "https://registry.npmjs.org/async/-/async-1.5.2.tgz",
      "integrity": "sha512-nSVgobk4rv61R9PUSDtYt7mPVB2olxNR5RWJcAsH676/ef11bUZwvu7+RGYrYauVdDPcO519v68wRhXQtxsV9w=="
    },
    "node_modules/charset-detector": {
      "version": "0.0.2",
      "resolved": "https://registry.npmjs.org/charset-detector/-/charset-detector-0.0.2.tgz",
      "integrity": "sha512-aZBFdf9aE168W7w3t9JNC0w9hZdTKjtq1hsrfbziJA4DrNI22Mfrc74gw3aADIA9bCQV2IpnbjyQcDHa3qM4rg=="
    },
    "node_modules/debug": {
      "version": "2.6.9",
      "resolved": "https://registry.npmjs.org/debug/-/debug-2.6.9.tgz",
      "integrity": "sha512-bC7ElrdJaJnPbAP+1EotYvqZsb3ecl5wi6Bfi6BJTUcNowp6cvspg0jXznRTKDjm/E7AdgFBVeAPVMNcKGsHMA==",
      "dependencies": {
        "ms": "2.0.0"
      }
    },
    "node_modules/debug-logger": {
      "version": "0.4.1",
      "resolved": "https://registry.npmjs.org/debug-logger/-/debug-logger-0.4.1.tgz",
      "integrity": "sha512-bLX6pxuWO6KMXBRk6vpLgHqWXiuLbKp8kLL/wNEA4rgU8wsNLaw3UNz0NfOi1bcN0JwjFwSfxhldzU5Bc6P5RQ==",
      "dependencies": {
        "debug": "^2.1.0"
      }
    },
    "node_modules/iconv": {
      "version": "3.0.1",
      "resolved": "https://registry.npmjs.org/iconv/-/iconv-3.0.1.tgz",
      "integrity": "sha512-lJnFLxVc0d82R7GfU7a9RujKVUQ3Eee19tPKWZWBJtAEGRHVEyFzCtbNl3GPKuDnHBBRT4/nDS4Ru9AIDT72qA==",
      "hasInstallScript": true,
      "engines": {
        "node": ">=10.0.0"
      }
    },
    "node_modules/mime": {
      "version": "1.6.0",
      "resolved": "https://registry.npmjs.org/mime/-/mime-1.6.0.tgz",
      "integrity": "sha512-x0Vn8spI+wuJ1O6S7gnbaQg8Pxh4NNHb7KSINmEWKiPE4RKOplvijn+NkmYmmRgP68mc70j2EbeTFRsrswaQeg==",
      "bin": {
        "mime": "cli.js"
      },
      "engines": {
        "node": ">=4"
      }
    },
    "node_modules/ms": {
      "version": "2.0.0",
      "resolved": "https://registry.npmjs.org/ms/-/ms-2.0.0.tgz",
      "integrity": "sha512-Tpp60P6IUJDTuOq/5Z8cdskzJujfwqfOTkrwIwj7IRISpnkJnT6SyJ4PCPnGMoFjC9ddhal5KVIYtAt97ix05A=="
    },
    "node_modules/socketio-file-upload": {
      "version": "0.4.8",
      "resolved": "https://registry.npmjs.org/socketio-file-upload/-/socketio-file-upload-0.4.8.tgz",
      "integrity": "sha512-oWa6r4TvcrirsL5sxHbmJ0gUI3eomTU1eoakFRc+7esa3liYOtawcGpv2h0K8s1UjuUiOowdr1zKXmKK+rScEg=="
    },
    "node_modules/sprintf-js": {
      "version": "1.1.2",
      "resolved": "https://registry.npmjs.org/sprintf-js/-/sprintf-js-1.1.2.tgz",
      "integrity": "sha512-VE0SOVEHCk7Qc8ulkWw3ntAzXuqf7S2lvwQaDLRnUeIEaKNQJzV6BwmLKhOqT61aGhfUMrXeaBk+oDGCzvhcug=="
    }
  },
  "dependencies": {
    "@oo/shared": {
      "version": "file:../shared",
      "requires": {
        "@oo/shared": "file:",
        "async": "^1.5.2",
        "debug-logger": "^0.4.1",
        "deepmerge": "^2.1.1",
        "dts-gen": "^0.6.1",
        "hjson": "^3.2.2",
        "jszip": "^3.7.1",
        "lynx": "^0.2.0",
        "redis": "^3.1.2",
        "redis-scripto2": "^0.2",
        "stream-json": "^1.3.1",
        "uuid": "^3.3.2"
      }
    },
    "async": {
      "version": "1.5.2",
      "resolved": "https://registry.npmjs.org/async/-/async-1.5.2.tgz",
      "integrity": "sha512-nSVgobk4rv61R9PUSDtYt7mPVB2olxNR5RWJcAsH676/ef11bUZwvu7+RGYrYauVdDPcO519v68wRhXQtxsV9w=="
    },
    "charset-detector": {
      "version": "0.0.2",
      "resolved": "https://registry.npmjs.org/charset-detector/-/charset-detector-0.0.2.tgz",
      "integrity": "sha512-aZBFdf9aE168W7w3t9JNC0w9hZdTKjtq1hsrfbziJA4DrNI22Mfrc74gw3aADIA9bCQV2IpnbjyQcDHa3qM4rg=="
    },
    "debug": {
      "version": "2.6.9",
      "resolved": "https://registry.npmjs.org/debug/-/debug-2.6.9.tgz",
      "integrity": "sha512-bC7ElrdJaJnPbAP+1EotYvqZsb3ecl5wi6Bfi6BJTUcNowp6cvspg0jXznRTKDjm/E7AdgFBVeAPVMNcKGsHMA==",
      "requires": {
        "ms": "2.0.0"
      }
    },
    "debug-logger": {
      "version": "0.4.1",
      "resolved": "https://registry.npmjs.org/debug-logger/-/debug-logger-0.4.1.tgz",
      "integrity": "sha512-bLX6pxuWO6KMXBRk6vpLgHqWXiuLbKp8kLL/wNEA4rgU8wsNLaw3UNz0NfOi1bcN0JwjFwSfxhldzU5Bc6P5RQ==",
      "requires": {
        "debug": "^2.1.0"
      }
    },
    "iconv": {
      "version": "3.0.1",
      "resolved": "https://registry.npmjs.org/iconv/-/iconv-3.0.1.tgz",
      "integrity": "sha512-lJnFLxVc0d82R7GfU7a9RujKVUQ3Eee19tPKWZWBJtAEGRHVEyFzCtbNl3GPKuDnHBBRT4/nDS4Ru9AIDT72qA=="
    },
    "mime": {
      "version": "1.6.0",
      "resolved": "https://registry.npmjs.org/mime/-/mime-1.6.0.tgz",
      "integrity": "sha512-x0Vn8spI+wuJ1O6S7gnbaQg8Pxh4NNHb7KSINmEWKiPE4RKOplvijn+NkmYmmRgP68mc70j2EbeTFRsrswaQeg=="
    },
    "ms": {
      "version": "2.0.0",
      "resolved": "https://registry.npmjs.org/ms/-/ms-2.0.0.tgz",
      "integrity": "sha512-Tpp60P6IUJDTuOq/5Z8cdskzJujfwqfOTkrwIwj7IRISpnkJnT6SyJ4PCPnGMoFjC9ddhal5KVIYtAt97ix05A=="
    },
    "socketio-file-upload": {
      "version": "0.4.8",
      "resolved": "https://registry.npmjs.org/socketio-file-upload/-/socketio-file-upload-0.4.8.tgz",
      "integrity": "sha512-oWa6r4TvcrirsL5sxHbmJ0gUI3eomTU1eoakFRc+7esa3liYOtawcGpv2h0K8s1UjuUiOowdr1zKXmKK+rScEg=="
    },
    "sprintf-js": {
      "version": "1.1.2",
      "resolved": "https://registry.npmjs.org/sprintf-js/-/sprintf-js-1.1.2.tgz",
      "integrity": "sha512-VE0SOVEHCk7Qc8ulkWw3ntAzXuqf7S2lvwQaDLRnUeIEaKNQJzV6BwmLKhOqT61aGhfUMrXeaBk+oDGCzvhcug=="
    }
  }
}
